
Microsoft Visual Studio Solution File, Format Version 12.00
# Visual Studio Version 17
VisualStudioVersion = 17.9.34723.18
MinimumVisualStudioVersion = 10.0.40219.1
Project("{FAE04EC0-301F-11D3-BF4B-00C04F79EFBC}") = "API", "API.csproj", "{76B3A3C5-5E8C-44B4-86A4-C59E8DD63246}"
EndProject
Global
	GlobalSection(SolutionConfigurationPlatforms) = preSolution
		Debug|Any CPU = Debug|Any CPU
		Release|Any CPU = Release|Any CPU
	EndGlobalSection
	GlobalSection(ProjectConfigurationPlatforms) = postSolution
		{76B3A3C5-5E8C-44B4-86A4-C59E8DD63246}.Debug|Any CPU.ActiveCfg = Debug|Any CPU
		{76B3A3C5-5E8C-44B4-86A4-C59E8DD63246}.Debug|Any CPU.Build.0 = Debug|Any CPU
		{76B3A3C5-5E8C-44B4-86A4-C59E8DD63246}.Release|Any CPU.ActiveCfg = Release|Any CPU
		{76B3A3C5-5E8C-44B4-86A4-C59E8DD63246}.Release|Any CPU.Build.0 = Release|Any CPU
	EndGlobalSection
	GlobalSection(SolutionProperties) = preSolution
		HideSolutionNode = FALSE
	EndGlobalSection
	GlobalSection(ExtensibilityGlobals) = postSolution
		SolutionGuid = {A9AA1EA2-F938-489A-8DC7-EDD27E7D0312}
	EndGlobalSection
EndGlobal
